github.com/smartwalle/ngx v1.0.12 h1:jcoCyu/0HtQ1y/gbiSLzqOUZcHnVLlKOmm0awRF7Mcg=
github.com/smartwalle/ngx v1.0.12/go.mod h1:mx/nz2Pk5j+RBs7t6u6k22MPiBG/8CtOMpCnALIG8Y0=
github.com/smartwalle/ngx v1.1.0 h1:q8nANgWSPRGeI/u+ixBoA4mf68DrUq6vZ+n9L5UKv9I=
github.com/smartwalle/ngx v1.1.0/go.mod h1:mx/nz2Pk5j+RBs7t6u6k22MPiBG/8CtOMpCnALIG8Y0=
